// !$*UTF8*$!
{
	archiveVersion = 1;
	classes = {
	};
	objectVersion = 56;
	objects = {

/* Begin PBXBuildFile section */
		20707DA92C81DEBC002A3AC2 /* MessagesApp.swift in Sources */ = {isa = PBXBuildFile; fileRef = 20707DA82C81DEBC002A3AC2 /* MessagesApp.swift */; };
		20707DAD2C81DEBE002A3AC2 /* Assets.xcassets in Resources */ = {isa = PBXBuildFile; fileRef = 20707DAC2C81DEBE002A3AC2 /* Assets.xcassets */; };
		20707DB02C81DEBE002A3AC2 /* Preview Assets.xcassets in Resources */ = {isa = PBXBuildFile; fileRef = 20707DAF2C81DEBE002A3AC2 /* Preview Assets.xcassets */; };
		20707DBB2C81DF7C002A3AC2 /* MessageView.swift in Sources */ = {isa = PBXBuildFile; fileRef = 20707DBA2C81DF7C002A3AC2 /* MessageView.swift */; };
		20707DBD2C81DF94002A3AC2 /* ChatView.swift in Sources */ = {isa = PBXBuildFile; fileRef = 20707DBC2C81DF94002A3AC2 /* ChatView.swift */; };
		20707DBF2C81DFA8002A3AC2 /* Message.swift in Sources */ = {isa = PBXBuildFile; fileRef = 20707DBE2C81DFA8002A3AC2 /* Message.swift */; };
		20707DC42C820F5F002A3AC2 /* MockDataGenerator.swift in Sources */ = {isa = PBXBuildFile; fileRef = 20707DC32C820F5F002A3AC2 /* MockDataGenerator.swift */; };
		20707DC62C820F92002A3AC2 /* ChatViewModel.swift in Sources */ = {isa = PBXBuildFile; fileRef = 20707DC52C820F92002A3AC2 /* ChatViewModel.swift */; };
		20707DC82C820FC0002A3AC2 /* MessageCell.swift in Sources */ = {isa = PBXBuildFile; fileRef = 20707DC72C820FC0002A3AC2 /* MessageCell.swift */; };
		20707DCA2C821024002A3AC2 /* Array+.swift in Sources */ = {isa = PBXBuildFile; fileRef = 20707DC92C821024002A3AC2 /* Array+.swift */; };
		20707DCC2C82103A002A3AC2 /* String+.swift in Sources */ = {isa = PBXBuildFile; fileRef = 20707DCB2C82103A002A3AC2 /* String+.swift */; };
		20707DCE2C821456002A3AC2 /* DetectionScrollView.swift in Sources */ = {isa = PBXBuildFile; fileRef = 20707DCD2C821456002A3AC2 /* DetectionScrollView.swift */; };
/* End PBXBuildFile section */

/* Begin PBXFileReference section */
		20707DA52C81DEBC002A3AC2 /* MessagesApp.app */ = {isa = PBXFileReference; explicitFileType = wrapper.application; includeInIndex = 0; path = MessagesApp.app; sourceTree = BUILT_PRODUCTS_DIR; };
		20707DA82C81DEBC002A3AC2 /* MessagesApp.swift */ = {isa = PBXFileReference; lastKnownFileType = sourcecode.swift; path = MessagesApp.swift; sourceTree = "<group>"; };
		20707DAC2C81DEBE002A3AC2 /* Assets.xcassets */ = {isa = PBXFileReference; lastKnownFileType = folder.assetcatalog; path = Assets.xcassets; sourceTree = "<group>"; };
		20707DAF2C81DEBE002A3AC2 /* Preview Assets.xcassets */ = {isa = PBXFileReference; lastKnownFileType = folder.assetcatalog; path = "Preview Assets.xcassets"; sourceTree = "<group>"; };
		20707DBA2C81DF7C002A3AC2 /* MessageView.swift */ = {isa = PBXFileReference; lastKnownFileType = sourcecode.swift; path = MessageView.swift; sourceTree = "<group>"; };
		20707DBC2C81DF94002A3AC2 /* ChatView.swift */ = {isa = PBXFileReference; lastKnownFileType = sourcecode.swift; path = ChatView.swift; sourceTree = "<group>"; };
		20707DBE2C81DFA8002A3AC2 /* Message.swift */ = {isa = PBXFileReference; lastKnownFileType = sourcecode.swift; path = Message.swift; sourceTree = "<group>"; };
		20707DC32C820F5F002A3AC2 /* MockDataGenerator.swift */ = {isa = PBXFileReference; lastKnownFileType = sourcecode.swift; path = MockDataGenerator.swift; sourceTree = "<group>"; };
		20707DC52C820F92002A3AC2 /* ChatViewModel.swift */ = {isa = PBXFileReference; lastKnownFileType = sourcecode.swift; path = ChatViewModel.swift; sourceTree = "<group>"; };
		20707DC72C820FC0002A3AC2 /* MessageCell.swift */ = {isa = PBXFileReference; lastKnownFileType = sourcecode.swift; path = MessageCell.swift; sourceTree = "<group>"; };
		20707DC92C821024002A3AC2 /* Array+.swift */ = {isa = PBXFileReference; lastKnownFileType = sourcecode.swift; path = "Array+.swift"; sourceTree = "<group>"; };
		20707DCB2C82103A002A3AC2 /* String+.swift */ = {isa = PBXFileReference; lastKnownFileType = sourcecode.swift; path = "String+.swift"; sourceTree = "<group>"; };
		20707DCD2C821456002A3AC2 /* DetectionScrollView.swift */ = {isa = PBXFileReference; lastKnownFileType = sourcecode.swift; path = DetectionScrollView.swift; sourceTree = "<group>"; };
/* End PBXFileReference section */

/* Begin PBXFrameworksBuildPhase section */
		20707DA22C81DEBC002A3AC2 /* Frameworks */ = {
			isa = PBXFrameworksBuildPhase;
			buildActionMask = 2147483647;
			files = (
			);
			runOnlyForDeploymentPostprocessing = 0;
		};
/* End PBXFrameworksBuildPhase section */

/* Begin PBXGroup section */
		20707D9C2C81DEBC002A3AC2 = {
			isa = PBXGroup;
			children = (
				20707DA72C81DEBC002A3AC2 /* MessagesApp */,
				20707DA62C81DEBC002A3AC2 /* Products */,
			);
			sourceTree = "<group>";
		};
		20707DA62C81DEBC002A3AC2 /* Products */ = {
			isa = PBXGroup;
			children = (
				20707DA52C81DEBC002A3AC2 /* MessagesApp.app */,
			);
			name = Products;
			sourceTree = "<group>";
		};
		20707DA72C81DEBC002A3AC2 /* MessagesApp */ = {
			isa = PBXGroup;
			children = (
				20707DB62C81DEF4002A3AC2 /* Screens */,
				20707DB72C81DF07002A3AC2 /* Views */,
				20707DB82C81DF17002A3AC2 /* Models */,
				20707DB92C81DF2B002A3AC2 /* Mocks */,
				20707DC02C81E351002A3AC2 /* Extensions */,
				20707DA82C81DEBC002A3AC2 /* MessagesApp.swift */,
				20707DAC2C81DEBE002A3AC2 /* Assets.xcassets */,
				20707DAE2C81DEBE002A3AC2 /* Preview Content */,
			);
			path = MessagesApp;
			sourceTree = "<group>";
		};
		20707DAE2C81DEBE002A3AC2 /* Preview Content */ = {
			isa = PBXGroup;
			children = (
				20707DAF2C81DEBE002A3AC2 /* Preview Assets.xcassets */,
			);
			path = "Preview Content";
			sourceTree = "<group>";
		};
		20707DB62C81DEF4002A3AC2 /* Screens */ = {
			isa = PBXGroup;
			children = (
				20707DBC2C81DF94002A3AC2 /* ChatView.swift */,
				20707DC52C820F92002A3AC2 /* ChatViewModel.swift */,
			);
			path = Screens;
			sourceTree = "<group>";
		};
		20707DB72C81DF07002A3AC2 /* Views */ = {
			isa = PBXGroup;
			children = (
				20707DBA2C81DF7C002A3AC2 /* MessageView.swift */,
				20707DC72C820FC0002A3AC2 /* MessageCell.swift */,
				20707DCD2C821456002A3AC2 /* DetectionScrollView.swift */,
			);
			path = Views;
			sourceTree = "<group>";
		};
		20707DB82C81DF17002A3AC2 /* Models */ = {
			isa = PBXGroup;
			children = (
				20707DBE2C81DFA8002A3AC2 /* Message.swift */,
			);
			path = Models;
			sourceTree = "<group>";
		};
		20707DB92C81DF2B002A3AC2 /* Mocks */ = {
			isa = PBXGroup;
			children = (
				20707DC32C820F5F002A3AC2 /* MockDataGenerator.swift */,
			);
			path = Mocks;
			sourceTree = "<group>";
		};
		20707DC02C81E351002A3AC2 /* Extensions */ = {
			isa = PBXGroup;
			children = (
				20707DC92C821024002A3AC2 /* Array+.swift */,
				20707DCB2C82103A002A3AC2 /* String+.swift */,
			);
			path = Extensions;
			sourceTree = "<group>";
		};
/* End PBXGroup section */

/* Begin PBXNativeTarget section */
		20707DA42C81DEBC002A3AC2 /* MessagesApp */ = {
			isa = PBXNativeTarget;
			buildConfigurationList = 20707DB32C81DEBE002A3AC2 /* Build configuration list for PBXNativeTarget "MessagesApp" */;
			buildPhases = (
				20707DA12C81DEBC002A3AC2 /* Sources */,
				20707DA22C81DEBC002A3AC2 /* Frameworks */,
				20707DA32C81DEBC002A3AC2 /* Resources */,
			);
			buildRules = (
			);
			dependencies = (
			);
			name = MessagesApp;
			productName = MessagesApp;
			productReference = 20707DA52C81DEBC002A3AC2 /* MessagesApp.app */;
			productType = "com.apple.product-type.application";
		};
/* End PBXNativeTarget section */

/* Begin PBXProject section */
		20707D9D2C81DEBC002A3AC2 /* Project object */ = {
			isa = PBXProject;
			attributes = {
				BuildIndependentTargetsInParallel = 1;
				LastSwiftUpdateCheck = 1540;
				LastUpgradeCheck = 1540;
				TargetAttributes = {
					20707DA42C81DEBC002A3AC2 = {
						CreatedOnToolsVersion = 15.4;
					};
				};
			};
			buildConfigurationList = 20707DA02C81DEBC002A3AC2 /* Build configuration list for PBXProject "MessagesApp" */;
			compatibilityVersion = "Xcode 14.0";
			developmentRegion = en;
			hasScannedForEncodings = 0;
			knownRegions = (
				en,
				Base,
			);
			mainGroup = 20707D9C2C81DEBC002A3AC2;
			productRefGroup = 20707DA62C81DEBC002A3AC2 /* Products */;
			projectDirPath = "";
			projectRoot = "";
			targets = (
				20707DA42C81DEBC002A3AC2 /* MessagesApp */,
			);
		};
/* End PBXProject section */

/* Begin PBXResourcesBuildPhase section */
		20707DA32C81DEBC002A3AC2 /* Resources */ = {
			isa = PBXResourcesBuildPhase;
			buildActionMask = 2147483647;
			files = (
				20707DB02C81DEBE002A3AC2 /* Preview Assets.xcassets in Resources */,
				20707DAD2C81DEBE002A3AC2 /* Assets.xcassets in Resources */,
			);
			runOnlyForDeploymentPostprocessing = 0;
		};
/* End PBXResourcesBuildPhase section */

/* Begin PBXSourcesBuildPhase section */
		20707DA12C81DEBC002A3AC2 /* Sources */ = {
			isa = PBXSourcesBuildPhase;
			buildActionMask = 2147483647;
			files = (
				20707DC42C820F5F002A3AC2 /* MockDataGenerator.swift in Sources */,
				20707DCC2C82103A002A3AC2 /* String+.swift in Sources */,
				20707DCA2C821024002A3AC2 /* Array+.swift in Sources */,
				20707DBD2C81DF94002A3AC2 /* ChatView.swift in Sources */,
				20707DBB2C81DF7C002A3AC2 /* MessageView.swift in Sources */,
				20707DBF2C81DFA8002A3AC2 /* Message.swift in Sources */,
				20707DC62C820F92002A3AC2 /* ChatViewModel.swift in Sources */,
				20707DCE2C821456002A3AC2 /* DetectionScrollView.swift in Sources */,
				20707DA92C81DEBC002A3AC2 /* MessagesApp.swift in Sources */,
				20707DC82C820FC0002A3AC2 /* MessageCell.swift in Sources */,
			);
			runOnlyForDeploymentPostprocessing = 0;
		};
/* End PBXSourcesBuildPhase section */

/* Begin XCBuildConfiguration section */
		20707DB12C81DEBE002A3AC2 /* Debug */ = {
			isa = XCBuildConfiguration;
			buildSettings = {
				ALWAYS_SEARCH_USER_PATHS = NO;
				ASSETCATALOG_COMPILER_GENERATE_SWIFT_ASSET_SYMBOL_EXTENSIONS = YES;
				CLANG_ANALYZER_NONNULL = YES;
				CLANG_ANALYZER_NUMBER_OBJECT_CONVERSION = YES_AGGRESSIVE;
				CLANG_CXX_LANGUAGE_STANDARD = "gnu++20";
				CLANG_ENABLE_MODULES = YES;
				CLANG_ENABLE_OBJC_ARC = YES;
				CLANG_ENABLE_OBJC_WEAK = YES;
				CLANG_WARN_BLOCK_CAPTURE_AUTORELEASING = YES;
				CLANG_WARN_BOOL_CONVERSION = YES;
				CLANG_WARN_COMMA = YES;
				CLANG_WARN_CONSTANT_CONVERSION = YES;
				CLANG_WARN_DEPRECATED_OBJC_IMPLEMENTATIONS = YES;
				CLANG_WARN_DIRECT_OBJC_ISA_USAGE = YES_ERROR;
				CLANG_WARN_DOCUMENTATION_COMMENTS = YES;
				CLANG_WARN_EMPTY_BODY = YES;
				CLANG_WARN_ENUM_CONVERSION = YES;
				CLANG_WARN_INFINITE_RECURSION = YES;
				CLANG_WARN_INT_CONVERSION = YES;
				CLANG_WARN_NON_LITERAL_NULL_CONVERSION = YES;
				CLANG_WARN_OBJC_IMPLICIT_RETAIN_SELF = YES;
				CLANG_WARN_OBJC_LITERAL_CONVERSION = YES;
				CLANG_WARN_OBJC_ROOT_CLASS = YES_ERROR;
				CLANG_WARN_QUOTED_INCLUDE_IN_FRAMEWORK_HEADER = YES;
				CLANG_WARN_RANGE_LOOP_ANALYSIS = YES;
				CLANG_WARN_STRICT_PROTOTYPES = YES;
				CLANG_WARN_SUSPICIOUS_MOVE = YES;
				CLANG_WARN_UNGUARDED_AVAILABILITY = YES_AGGRESSIVE;
				CLANG_WARN_UNREACHABLE_CODE = YES;
				CLANG_WARN__DUPLICATE_METHOD_MATCH = YES;
				COPY_PHASE_STRIP = NO;
				DEBUG_INFORMATION_FORMAT = dwarf;
				ENABLE_STRICT_OBJC_MSGSEND = YES;
				ENABLE_TESTABILITY = YES;
				ENABLE_USER_SCRIPT_SANDBOXING = YES;
				GCC_C_LANGUAGE_STANDARD = gnu17;
				GCC_DYNAMIC_NO_PIC = NO;
				GCC_NO_COMMON_BLOCKS = YES;
				GCC_OPTIMIZATION_LEVEL = 0;
				GCC_PREPROCESSOR_DEFINITIONS = (
					"DEBUG=1",
					"$(inherited)",
				);
				GCC_WARN_64_TO_32_BIT_CONVERSION = YES;
				GCC_WARN_ABOUT_RETURN_TYPE = YES_ERROR;
				GCC_WARN_UNDECLARED_SELECTOR = YES;
				GCC_WARN_UNINITIALIZED_AUTOS = YES_AGGRESSIVE;
				GCC_WARN_UNUSED_FUNCTION = YES;
				GCC_WARN_UNUSED_VARIABLE = YES;
				IPHONEOS_DEPLOYMENT_TARGET = 17.5;
				LOCALIZATION_PREFERS_STRING_CATALOGS = YES;
				MTL_ENABLE_DEBUG_INFO = INCLUDE_SOURCE;
				MTL_FAST_MATH = YES;
				ONLY_ACTIVE_ARCH = YES;
				SDKROOT = iphoneos;
				SWIFT_ACTIVE_COMPILATION_CONDITIONS = "DEBUG $(inherited)";
				SWIFT_OPTIMIZATION_LEVEL = "-Onone";
			};
			name = Debug;
		};
		20707DB22C81DEBE002A3AC2 /* Release */ = {
			isa = XCBuildConfiguration;
			buildSettings = {
				ALWAYS_SEARCH_USER_PATHS = NO;
				ASSETCATALOG_COMPILER_GENERATE_SWIFT_ASSET_SYMBOL_EXTENSIONS = YES;
				CLANG_ANALYZER_NONNULL = YES;
				CLANG_ANALYZER_NUMBER_OBJECT_CONVERSION = YES_AGGRESSIVE;
				CLANG_CXX_LANGUAGE_STANDARD = "gnu++20";
				CLANG_ENABLE_MODULES = YES;
				CLANG_ENABLE_OBJC_ARC = YES;
				CLANG_ENABLE_OBJC_WEAK = YES;
				CLANG_WARN_BLOCK_CAPTURE_AUTORELEASING = YES;
				CLANG_WARN_BOOL_CONVERSION = YES;
				CLANG_WARN_COMMA = YES;
				CLANG_WARN_CONSTANT_CONVERSION = YES;
				CLANG_WARN_DEPRECATED_OBJC_IMPLEMENTATIONS = YES;
				CLANG_WARN_DIRECT_OBJC_ISA_USAGE = YES_ERROR;
				CLANG_WARN_DOCUMENTATION_COMMENTS = YES;
				CLANG_WARN_EMPTY_BODY = YES;
				CLANG_WARN_ENUM_CONVERSION = YES;
				CLANG_WARN_INFINITE_RECURSION = YES;
				CLANG_WARN_INT_CONVERSION = YES;
				CLANG_WARN_NON_LITERAL_NULL_CONVERSION = YES;
				CLANG_WARN_OBJC_IMPLICIT_RETAIN_SELF = YES;
				CLANG_WARN_OBJC_LITERAL_CONVERSION = YES;
				CLANG_WARN_OBJC_ROOT_CLASS = YES_ERROR;
				CLANG_WARN_QUOTED_INCLUDE_IN_FRAMEWORK_HEADER = YES;
				CLANG_WARN_RANGE_LOOP_ANALYSIS = YES;
				CLANG_WARN_STRICT_PROTOTYPES = YES;
				CLANG_WARN_SUSPICIOUS_MOVE = YES;
				CLANG_WARN_UNGUARDED_AVAILABILITY = YES_AGGRESSIVE;
				CLANG_WARN_UNREACHABLE_CODE = YES;
				CLANG_WARN__DUPLICATE_METHOD_MATCH = YES;
				COPY_PHASE_STRIP = NO;
				DEBUG_INFORMATION_FORMAT = "dwarf-with-dsym";
				ENABLE_NS_ASSERTIONS = NO;
				ENABLE_STRICT_OBJC_MSGSEND = YES;
				ENABLE_USER_SCRIPT_SANDBOXING = YES;
				GCC_C_LANGUAGE_STANDARD = gnu17;
				GCC_NO_COMMON_BLOCKS = YES;
				GCC_WARN_64_TO_32_BIT_CONVERSION = YES;
				GCC_WARN_ABOUT_RETURN_TYPE = YES_ERROR;
				GCC_WARN_UNDECLARED_SELECTOR = YES;
				GCC_WARN_UNINITIALIZED_AUTOS = YES_AGGRESSIVE;
				GCC_WARN_UNUSED_FUNCTION = YES;
				GCC_WARN_UNUSED_VARIABLE = YES;
				IPHONEOS_DEPLOYMENT_TARGET = 17.5;
				LOCALIZATION_PREFERS_STRING_CATALOGS = YES;
				MTL_ENABLE_DEBUG_INFO = NO;
				MTL_FAST_MATH = YES;
				SDKROOT = iphoneos;
				SWIFT_COMPILATION_MODE = wholemodule;
				VALIDATE_PRODUCT = YES;
			};
			name = Release;
		};
		20707DB42C81DEBE002A3AC2 /* Debug */ = {
			isa = XCBuildConfiguration;
			buildSettings = {
				ASSETCATALOG_COMPILER_APPICON_NAME = AppIcon;
				ASSETCATALOG_COMPILER_GLOBAL_ACCENT_COLOR_NAME = AccentColor;
				CODE_SIGN_STYLE = Automatic;
				CURRENT_PROJECT_VERSION = 1;
				DEVELOPMENT_ASSET_PATHS = "\"MessagesApp/Preview Content\"";
				DEVELOPMENT_TEAM = TV65C39GBR;
				ENABLE_PREVIEWS = YES;
				GENERATE_INFOPLIST_FILE = YES;
				INFOPLIST_KEY_UIApplicationSceneManifest_Generation = YES;
				INFOPLIST_KEY_UIApplicationSupportsIndirectInputEvents = YES;
				INFOPLIST_KEY_UILaunchScreen_Generation = YES;
				INFOPLIST_KEY_UISupportedInterfaceOrientations_iPad = "UIInterfaceOrientationPortrait UIInterfaceOrientationPortraitUpsideDown UIInterfaceOrientationLandscapeLeft UIInterfaceOrientationLandscapeRight";
				INFOPLIST_KEY_UISupportedInterfaceOrientations_iPhone = "UIInterfaceOrientationPortrait UIInterfaceOrientationLandscapeLeft UIInterfaceOrientationLandscapeRight";
				LD_RUNPATH_SEARCH_PATHS = (
					"$(inherited)",
					"@executable_path/Frameworks",
				);
				MARKETING_VERSION = 1.0;
				PRODUCT_BUNDLE_IDENTIFIER = seriy.com.MessagesApp;
				PRODUCT_NAME = "$(TARGET_NAME)";
				SWIFT_EMIT_LOC_STRINGS = YES;
				SWIFT_VERSION = 5.0;
				TARGETED_DEVICE_FAMILY = "1,2";
			};
			name = Debug;
		};
		20707DB52C81DEBE002A3AC2 /* Release */ = {
			isa = XCBuildConfiguration;
			buildSettings = {
				ASSETCATALOG_COMPILER_APPICON_NAME = AppIcon;
				ASSETCATALOG_COMPILER_GLOBAL_ACCENT_COLOR_NAME = AccentColor;
				CODE_SIGN_STYLE = Automatic;
				CURRENT_PROJECT_VERSION = 1;
				DEVELOPMENT_ASSET_PATHS = "\"MessagesApp/Preview Content\"";
				DEVELOPMENT_TEAM = TV65C39GBR;
				ENABLE_PREVIEWS = YES;
				GENERATE_INFOPLIST_FILE = YES;
				INFOPLIST_KEY_UIApplicationSceneManifest_Generation = YES;
				INFOPLIST_KEY_UIApplicationSupportsIndirectInputEvents = YES;
				INFOPLIST_KEY_UILaunchScreen_Generation = YES;
				INFOPLIST_KEY_UISupportedInterfaceOrientations_iPad = "UIInterfaceOrientationPortrait UIInterfaceOrientationPortraitUpsideDown UIInterfaceOrientationLandscapeLeft UIInterfaceOrientationLandscapeRight";
				INFOPLIST_KEY_UISupportedInterfaceOrientations_iPhone = "UIInterfaceOrientationPortrait UIInterfaceOrientationLandscapeLeft UIInterfaceOrientationLandscapeRight";
				LD_RUNPATH_SEARCH_PATHS = (
					"$(inherited)",
					"@executable_path/Frameworks",
				);
				MARKETING_VERSION = 1.0;
				PRODUCT_BUNDLE_IDENTIFIER = seriy.com.MessagesApp;
				PRODUCT_NAME = "$(TARGET_NAME)";
				SWIFT_EMIT_LOC_STRINGS = YES;
				SWIFT_VERSION = 5.0;
				TARGETED_DEVICE_FAMILY = "1,2";
			};
			name = Release;
		};
/* End XCBuildConfiguration section */

/* Begin XCConfigurationList section */
		20707DA02C81DEBC002A3AC2 /* Build configuration list for PBXProject "MessagesApp" */ = {
			isa = XCConfigurationList;
			buildConfigurations = (
				20707DB12C81DEBE002A3AC2 /* Debug */,
				20707DB22C81DEBE002A3AC2 /* Release */,
			);
			defaultConfigurationIsVisible = 0;
			defaultConfigurationName = Release;
		};
		20707DB32C81DEBE002A3AC2 /* Build configuration list for PBXNativeTarget "MessagesApp" */ = {
			isa = XCConfigurationList;
			buildConfigurations = (
				20707DB42C81DEBE002A3AC2 /* Debug */,
				20707DB52C81DEBE002A3AC2 /* Release */,
			);
			defaultConfigurationIsVisible = 0;
			defaultConfigurationName = Release;
		};
/* End XCConfigurationList section */
	};
	rootObject = 20707D9D2C81DEBC002A3AC2 /* Project object */;
}
